
Microsoft Visual Studio Solution File, Format Version 12.00
# Visual Studio 15
VisualStudioVersion = 15.0.26730.10
MinimumVisualStudioVersion = 10.0.40219.1
Project("{9A19103F-16F7-4668-BE54-9A1E7A4F7556}") = "Egodystonic.Atomics", "Egodystonic.Atomics\Egodystonic.Atomics.csproj", "{2DB2BAB5-4C55-4D48-B141-BA04E8760D76}"
EndProject
Project("{FAE04EC0-301F-11D3-BF4B-00C04F79EFBC}") = "Egodystonic.Atomics.Tests", "Egodystonic.Atomics.Tests\Egodystonic.Atomics.Tests.csproj", "{EC08E98B-1F33-4F4D-9AD3-70B14F4CED18}"
EndProject
Global
	GlobalSection(SolutionConfigurationPlatforms) = preSolution
		Debug|Any CPU = Debug|Any CPU
		Release|Any CPU = Release|Any CPU
	EndGlobalSection
	GlobalSection(ProjectConfigurationPlatforms) = postSolution
		{2DB2BAB5-4C55-4D48-B141-BA04E8760D76}.Debug|Any CPU.ActiveCfg = Debug|Any CPU
		{2DB2BAB5-4C55-4D48-B141-BA04E8760D76}.Debug|Any CPU.Build.0 = Debug|Any CPU
		{2DB2BAB5-4C55-4D48-B141-BA04E8760D76}.Release|Any CPU.ActiveCfg = Release|Any CPU
		{2DB2BAB5-4C55-4D48-B141-BA04E8760D76}.Release|Any CPU.Build.0 = Release|Any CPU
		{EC08E98B-1F33-4F4D-9AD3-70B14F4CED18}.Debug|Any CPU.ActiveCfg = Debug|Any CPU
		{EC08E98B-1F33-4F4D-9AD3-70B14F4CED18}.Debug|Any CPU.Build.0 = Debug|Any CPU
		{EC08E98B-1F33-4F4D-9AD3-70B14F4CED18}.Release|Any CPU.ActiveCfg = Release|Any CPU
		{EC08E98B-1F33-4F4D-9AD3-70B14F4CED18}.Release|Any CPU.Build.0 = Release|Any CPU
	EndGlobalSection
	GlobalSection(SolutionProperties) = preSolution
		HideSolutionNode = FALSE
	EndGlobalSection
	GlobalSection(ExtensibilityGlobals) = postSolution
		SolutionGuid = {A59E9D18-08DB-46CF-8E61-BFB9EFD0060A}
	EndGlobalSection
EndGlobal
